{
  "name": "cogs220",
  "version": "1.0.0",
  "lockfileVersion": 1,
  "requires": true,
  "dependencies": {
    "vega-lite-api": {
      "version": "0.15.0",
      "resolved": "https://registry.npmjs.org/vega-lite-api/-/vega-lite-api-0.15.0.tgz",
      "integrity": "sha512-Vv+L/M35i/Nl0+GYoL3BlKFmIuaU5qjyVeEdOhrfnDv/N/5003vo81Y6CBPPIcQmgu4fK/kjXilhseii++h1vQ=="
      
    }
  }
}
